
Microsoft Visual Studio Solution File, Format Version 12.00
# Visual Studio Version 17
VisualStudioVersion = 17.1.32407.343
MinimumVisualStudioVersion = 10.0.40219.1
Project("{FAE04EC0-301F-11D3-BF4B-00C04F79EFBC}") = "SwordDmgCalculator", "SwordDmgCalculator\SwordDmgCalculator.csproj", "{27990FB0-40F5-4DE6-8C77-4A91561441E1}"
EndProject
Global
	GlobalSection(SolutionConfigurationPlatforms) = preSolution
		Debug|Any CPU = Debug|Any CPU
		Release|Any CPU = Release|Any CPU
	EndGlobalSection
	GlobalSection(ProjectConfigurationPlatforms) = postSolution
		{27990FB0-40F5-4DE6-8C77-4A91561441E1}.Debug|Any CPU.ActiveCfg = Debug|Any CPU
		{27990FB0-40F5-4DE6-8C77-4A91561441E1}.Debug|Any CPU.Build.0 = Debug|Any CPU
		{27990FB0-40F5-4DE6-8C77-4A91561441E1}.Release|Any CPU.ActiveCfg = Release|Any CPU
		{27990FB0-40F5-4DE6-8C77-4A91561441E1}.Release|Any CPU.Build.0 = Release|Any CPU
	EndGlobalSection
	GlobalSection(SolutionProperties) = preSolution
		HideSolutionNode = FALSE
	EndGlobalSection
	GlobalSection(ExtensibilityGlobals) = postSolution
		SolutionGuid = {0104B365-6E53-418F-BBA9-4F90615E5767}
	EndGlobalSection
EndGlobal
